
Microsoft Visual Studio Solution File, Format Version 12.00
# Visual Studio Version 16
VisualStudioVersion = 16.0.29324.140
MinimumVisualStudioVersion = 10.0.40219.1
Project("{9A19103F-16F7-4668-BE54-9A1E7A4F7556}") = "ClickOnce", "ClickOnce\ClickOnce.csproj", "{D46EABEA-B532-4935-B6DD-4C9BBBB8EDB1}"
EndProject
Project("{2150E333-8FDC-42A3-9474-1A3956D46DE8}") = "Solution Items", "Solution Items", "{DDD658BD-C31E-4560-BB6B-019FF8191291}"
	ProjectSection(SolutionItems) = preProject
		LICENSE = LICENSE
		README.md = README.md
	EndProjectSection
EndProject
Project("{9092AA53-FB77-4645-B42D-1CCCA6BD08BD}") = "ClickOnce.AzureDevOps", "ClickOnce.AzureDevOps\ClickOnce.AzureDevOps.njsproj", "{828A60F9-DE7A-49C9-84A3-FCB5BB1C242F}"
EndProject
Global
	GlobalSection(SolutionConfigurationPlatforms) = preSolution
		Debug|Any CPU = Debug|Any CPU
		Debug|x64 = Debug|x64
		Release|Any CPU = Release|Any CPU
		Release|x64 = Release|x64
	EndGlobalSection
	GlobalSection(ProjectConfigurationPlatforms) = postSolution
		{D46EABEA-B532-4935-B6DD-4C9BBBB8EDB1}.Debug|Any CPU.ActiveCfg = Debug|Any CPU
		{D46EABEA-B532-4935-B6DD-4C9BBBB8EDB1}.Debug|Any CPU.Build.0 = Debug|Any CPU
		{D46EABEA-B532-4935-B6DD-4C9BBBB8EDB1}.Debug|x64.ActiveCfg = Debug|Any CPU
		{D46EABEA-B532-4935-B6DD-4C9BBBB8EDB1}.Debug|x64.Build.0 = Debug|Any CPU
		{D46EABEA-B532-4935-B6DD-4C9BBBB8EDB1}.Release|Any CPU.ActiveCfg = Release|Any CPU
		{D46EABEA-B532-4935-B6DD-4C9BBBB8EDB1}.Release|Any CPU.Build.0 = Release|Any CPU
		{D46EABEA-B532-4935-B6DD-4C9BBBB8EDB1}.Release|x64.ActiveCfg = Release|Any CPU
		{D46EABEA-B532-4935-B6DD-4C9BBBB8EDB1}.Release|x64.Build.0 = Release|Any CPU
		{828A60F9-DE7A-49C9-84A3-FCB5BB1C242F}.Debug|Any CPU.ActiveCfg = Debug|Any CPU
		{828A60F9-DE7A-49C9-84A3-FCB5BB1C242F}.Debug|Any CPU.Build.0 = Debug|Any CPU
		{828A60F9-DE7A-49C9-84A3-FCB5BB1C242F}.Debug|x64.ActiveCfg = Debug|Any CPU
		{828A60F9-DE7A-49C9-84A3-FCB5BB1C242F}.Debug|x64.Build.0 = Debug|Any CPU
		{828A60F9-DE7A-49C9-84A3-FCB5BB1C242F}.Release|Any CPU.ActiveCfg = Release|Any CPU
		{828A60F9-DE7A-49C9-84A3-FCB5BB1C242F}.Release|Any CPU.Build.0 = Release|Any CPU
		{828A60F9-DE7A-49C9-84A3-FCB5BB1C242F}.Release|x64.ActiveCfg = Release|Any CPU
		{828A60F9-DE7A-49C9-84A3-FCB5BB1C242F}.Release|x64.Build.0 = Release|Any CPU
	EndGlobalSection
	GlobalSection(SolutionProperties) = preSolution
		HideSolutionNode = FALSE
	EndGlobalSection
	GlobalSection(ExtensibilityGlobals) = postSolution
		SolutionGuid = {07FF247D-AED6-4975-9D9F-19FB8D9D3B55}
	EndGlobalSection
EndGlobal
