
Microsoft Visual Studio Solution File, Format Version 12.00
# Visual Studio Version 16
VisualStudioVersion = 16.0.29324.140
MinimumVisualStudioVersion = 10.0.40219.1
Project("{9A19103F-16F7-4668-BE54-9A1E7A4F7556}") = "ClickOnce", "ClickOnce\ClickOnce.csproj", "{D46EABEA-B532-4935-B6DD-4C9BBBB8EDB1}"
EndProject
Global
	GlobalSection(SolutionConfigurationPlatforms) = preSolution
		Debug|Any CPU = Debug|Any CPU
		Debug|x64 = Debug|x64
		Release|Any CPU = Release|Any CPU
		Release|x64 = Release|x64
	EndGlobalSection
	GlobalSection(ProjectConfigurationPlatforms) = postSolution
		{D46EABEA-B532-4935-B6DD-4C9BBBB8EDB1}.Debug|Any CPU.ActiveCfg = Debug|Any CPU
		{D46EABEA-B532-4935-B6DD-4C9BBBB8EDB1}.Debug|Any CPU.Build.0 = Debug|Any CPU
		{D46EABEA-B532-4935-B6DD-4C9BBBB8EDB1}.Debug|x64.ActiveCfg = Debug|Any CPU
		{D46EABEA-B532-4935-B6DD-4C9BBBB8EDB1}.Debug|x64.Build.0 = Debug|Any CPU
		{D46EABEA-B532-4935-B6DD-4C9BBBB8EDB1}.Release|Any CPU.ActiveCfg = Release|Any CPU
		{D46EABEA-B532-4935-B6DD-4C9BBBB8EDB1}.Release|Any CPU.Build.0 = Release|Any CPU
		{D46EABEA-B532-4935-B6DD-4C9BBBB8EDB1}.Release|x64.ActiveCfg = Release|Any CPU
		{D46EABEA-B532-4935-B6DD-4C9BBBB8EDB1}.Release|x64.Build.0 = Release|Any CPU
	EndGlobalSection
	GlobalSection(SolutionProperties) = preSolution
		HideSolutionNode = FALSE
	EndGlobalSection
	GlobalSection(ExtensibilityGlobals) = postSolution
		SolutionGuid = {07FF247D-AED6-4975-9D9F-19FB8D9D3B55}
	EndGlobalSection
EndGlobal
